
Microsoft Visual Studio Solution File, Format Version 12.00
# Visual Studio Version 17
VisualStudioVersion = 17.12.35506.116
MinimumVisualStudioVersion = 10.0.40219.1
Project("{FAE04EC0-301F-11D3-BF4B-00C04F79EFBC}") = "bibliotecaLAST", "bibliotecaLAST\bibliotecaLAST.csproj", "{BC4D0C16-F448-487D-A635-959E4919EFCF}"
EndProject
Global
	GlobalSection(SolutionConfigurationPlatforms) = preSolution
		Debug|Any CPU = Debug|Any CPU
		Release|Any CPU = Release|Any CPU
	EndGlobalSection
	GlobalSection(ProjectConfigurationPlatforms) = postSolution
		{BC4D0C16-F448-487D-A635-959E4919EFCF}.Debug|Any CPU.ActiveCfg = Debug|Any CPU
		{BC4D0C16-F448-487D-A635-959E4919EFCF}.Debug|Any CPU.Build.0 = Debug|Any CPU
		{BC4D0C16-F448-487D-A635-959E4919EFCF}.Release|Any CPU.ActiveCfg = Release|Any CPU
		{BC4D0C16-F448-487D-A635-959E4919EFCF}.Release|Any CPU.Build.0 = Release|Any CPU
	EndGlobalSection
	GlobalSection(SolutionProperties) = preSolution
		HideSolutionNode = FALSE
	EndGlobalSection
EndGlobal
